# THIS IS AN AUTOGENERATED FILE. DO NOT EDIT THIS FILE DIRECTLY.
# yarn lockfile v1


"@types/node@^20":
  version "20.17.6"
  resolved "https://registry.yarnpkg.com/@types/node/-/node-20.17.6.tgz#6e4073230c180d3579e8c60141f99efdf5df0081"
  integrity sha512-VEI7OdvK2wP7XHnsuXbAJnEpEkF6NjSN45QJlL4VGqZSXsnicpesdTWsg9RISeSdYd3yeRj/y3k5KGjUXYnFwQ==
  dependencies:
    undici-types "~6.19.2"

"@types/prop-types@*":
  version "15.7.13"
  resolved "https://registry.yarnpkg.com/@types/prop-types/-/prop-types-15.7.13.tgz#2af91918ee12d9d32914feb13f5326658461b451"
  integrity sha512-hCZTSvwbzWGvhqxp/RqVqwU999pBf2vp7hzIjiYOsl8wqOmUxkQ6ddw1cV3l8811+kdUFus/q4d1Y3E3SyEifA==

"@types/react-dom@^18":
  version "18.3.1"
  resolved "https://registry.yarnpkg.com/@types/react-dom/-/react-dom-18.3.1.tgz#1e4654c08a9cdcfb6594c780ac59b55aad42fe07"
  integrity sha512-qW1Mfv8taImTthu4KoXgDfLuk4bydU6Q/TkADnDWWHwi4NX4BR+LWfTp2sVmTqRrsHvyDDTelgelxJ+SsejKKQ==
  dependencies:
    "@types/react" "*"

"@types/react@*", "@types/react@^18":
  version "18.3.12"
  resolved "https://registry.yarnpkg.com/@types/react/-/react-18.3.12.tgz#99419f182ccd69151813b7ee24b792fe08774f60"
  integrity sha512-D2wOSq/d6Agt28q7rSI3jhU7G6aiuzljDGZ2hTZHIkrTLUI+AF3WMeKkEZ9nN2fkBAlcktT6vcZjDFiIhMYEQw==
  dependencies:
    "@types/prop-types" "*"
    csstype "^3.0.2"

csstype@^3.0.2:
  version "3.1.3"
  resolved "https://registry.yarnpkg.com/csstype/-/csstype-3.1.3.tgz#d80ff294d114fb0e6ac500fbf85b60137d7eff81"
  integrity sha512-M1uQkMl8rQK/szD0LNhtqxIPLpimGm8sOBwU7lLnCpSbTyY3yeU1Vc7l4KT5zT4s/yOxHH5O7tIuuLOCnLADRw==

react-dom@19.0.0-rc-66855b96-20241106:
  version "19.0.0-rc-66855b96-20241106"
  resolved "https://registry.yarnpkg.com/react-dom/-/react-dom-19.0.0-rc-66855b96-20241106.tgz#beba73decfd1b9365a3c83673a298623b15acb0b"
  integrity sha512-D25vdaytZ1wFIRiwNU98NPQ/upS2P8Co4/oNoa02PzHbh8deWdepjm5qwZM/46OdSiGv4WSWwxP55RO9obqJEQ==
  dependencies:
    scheduler "0.25.0-rc-66855b96-20241106"

react@19.0.0-rc-66855b96-20241106:
  version "19.0.0-rc-66855b96-20241106"
  resolved "https://registry.yarnpkg.com/react/-/react-19.0.0-rc-66855b96-20241106.tgz#f04d7283454a32bdd8e9757db4308b75b9739e56"
  integrity sha512-klH7xkT71SxRCx4hb1hly5FJB21Hz0ACyxbXYAECEqssUjtJeFUAaI2U1DgJAzkGEnvEm3DkxuBchMC/9K4ipg==

scheduler@0.25.0-rc-66855b96-20241106:
  version "0.25.0-rc-66855b96-20241106"
  resolved "https://registry.yarnpkg.com/scheduler/-/scheduler-0.25.0-rc-66855b96-20241106.tgz#8bbb728eca4de5a5deca1f18370fbce41aee91d1"
  integrity sha512-HQXp/Mnp/MMRSXMQF7urNFla+gmtXW/Gr1KliuR0iboTit4KvZRY8KYaq5ccCTAOJiUqQh2rE2F3wgUekmgdlA==

typescript@^5.6.3:
  version "5.6.3"
  resolved "https://registry.yarnpkg.com/typescript/-/typescript-5.6.3.tgz#5f3449e31c9d94febb17de03cc081dd56d81db5b"
  integrity sha512-hjcS1mhfuyi4WW8IWtjP7brDrG2cuDZukyrYrSauoXGNgx0S7zceP07adYkJycEr56BOUTNPzbInooiN3fn1qw==

undici-types@~6.19.2:
  version "6.19.8"
  resolved "https://registry.yarnpkg.com/undici-types/-/undici-types-6.19.8.tgz#35111c9d1437ab83a7cdc0abae2f26d88eda0a02"
  integrity sha512-ve2KP6f/JnbPBFyobGHuerC9g1FYGn/F8n1LWTwNxCEzd6IfqTwUQcNXgEtmmQ6DlRrC1hrSrBnCZPokRrDHjw==
